
Microsoft Visual Studio Solution File, Format Version 12.00
# Visual Studio Version 16
VisualStudioVersion = 16.0.30128.74
MinimumVisualStudioVersion = 10.0.40219.1
Project("{9A19103F-16F7-4668-BE54-9A1E7A4F7556}") = "BCP.Microservicio.Aplicacion", "BCP.Microservicio.Aplicacion\BCP.Microservicio.Aplicacion.csproj", "{C288DD14-D23B-4913-8EB7-B27B19202264}"
EndProject
Project("{9A19103F-16F7-4668-BE54-9A1E7A4F7556}") = "BCP.Sap.Connectors", "BCP.Sap.Connectors\BCP.Sap.Connectors.csproj", "{51D12675-1532-49A4-8DFC-D04A8055F359}"
EndProject
Project("{9A19103F-16F7-4668-BE54-9A1E7A4F7556}") = "BCP.Framework.Common", "BCP.Framework.Common\BCP.Framework.Common.csproj", "{0F825C36-4A8E-4AEA-8609-4116CD26A233}"
EndProject
Project("{2150E333-8FDC-42A3-9474-1A3956D46DE8}") = "Aplication", "Aplication", "{BC876773-B663-47AF-A8F0-BA2EA1BF00EB}"
EndProject
Project("{2150E333-8FDC-42A3-9474-1A3956D46DE8}") = "Framework", "Framework", "{736908FD-B972-460A-AC2A-FED9A29CBA8D}"
EndProject
Project("{2150E333-8FDC-42A3-9474-1A3956D46DE8}") = "Connectors", "Connectors", "{0E69CFD1-7F5A-43AB-A4C4-C7AFE084AC1B}"
EndProject
Project("{2150E333-8FDC-42A3-9474-1A3956D46DE8}") = "Models", "Models", "{E5BC7F4E-0CE2-4FB2-8E37-C1DCA0724BF1}"
EndProject
Project("{9A19103F-16F7-4668-BE54-9A1E7A4F7556}") = "BCP.Sap.Models", "BCP.Sap.Models\BCP.Sap.Models.csproj", "{DC7ABCE0-0B0F-4817-BFC3-18D914A6F0CA}"
EndProject
Project("{2150E333-8FDC-42A3-9474-1A3956D46DE8}") = "Security", "Security", "{D89FAC12-3267-4161-96B7-37B9AFE78711}"
EndProject
Project("{9A19103F-16F7-4668-BE54-9A1E7A4F7556}") = "BCP.Framework.Security", "BCP.Framework.Security\BCP.Framework.Security.csproj", "{8A763A7D-8184-4D3C-904B-7536E888AB9B}"
EndProject
Project("{9A19103F-16F7-4668-BE54-9A1E7A4F7556}") = "BCP.Framework.Logs", "BCP.Framework.Logs\BCP.Framework.Logs.csproj", "{887AD2A6-253B-4608-8936-C43A21BD8C3A}"
EndProject
Project("{2150E333-8FDC-42A3-9474-1A3956D46DE8}") = "Logs", "Logs", "{57F6A2D7-76E9-4847-8E5D-AF13541E3207}"
EndProject
Project("{2150E333-8FDC-42A3-9474-1A3956D46DE8}") = "DataAccess", "DataAccess", "{AFAEA56E-1B94-4E33-AA12-2B1741EE60DB}"
EndProject
Project("{9A19103F-16F7-4668-BE54-9A1E7A4F7556}") = "BCP.Sap.DataAccess", "BCP.Sap.DataAccess\BCP.Sap.DataAccess.csproj", "{680CD986-AE5A-4604-AFA3-B01A25EDABD8}"
EndProject
Project("{9A19103F-16F7-4668-BE54-9A1E7A4F7556}") = "BCP.Sap.Business", "BCP.Sap.Business\BCP.Sap.Business.csproj", "{78922072-A70C-4495-808C-B66D46FFD865}"
EndProject
Project("{2150E333-8FDC-42A3-9474-1A3956D46DE8}") = "Business", "Business", "{E7BEA31E-AC59-43A0-A912-081080881E43}"
EndProject
Global
	GlobalSection(SolutionConfigurationPlatforms) = preSolution
		Debug|Any CPU = Debug|Any CPU
		Release|Any CPU = Release|Any CPU
	EndGlobalSection
	GlobalSection(ProjectConfigurationPlatforms) = postSolution
		{C288DD14-D23B-4913-8EB7-B27B19202264}.Debug|Any CPU.ActiveCfg = Debug|Any CPU
		{C288DD14-D23B-4913-8EB7-B27B19202264}.Debug|Any CPU.Build.0 = Debug|Any CPU
		{C288DD14-D23B-4913-8EB7-B27B19202264}.Release|Any CPU.ActiveCfg = Release|Any CPU
		{C288DD14-D23B-4913-8EB7-B27B19202264}.Release|Any CPU.Build.0 = Release|Any CPU
		{51D12675-1532-49A4-8DFC-D04A8055F359}.Debug|Any CPU.ActiveCfg = Debug|Any CPU
		{51D12675-1532-49A4-8DFC-D04A8055F359}.Debug|Any CPU.Build.0 = Debug|Any CPU
		{51D12675-1532-49A4-8DFC-D04A8055F359}.Release|Any CPU.ActiveCfg = Release|Any CPU
		{51D12675-1532-49A4-8DFC-D04A8055F359}.Release|Any CPU.Build.0 = Release|Any CPU
		{0F825C36-4A8E-4AEA-8609-4116CD26A233}.Debug|Any CPU.ActiveCfg = Debug|Any CPU
		{0F825C36-4A8E-4AEA-8609-4116CD26A233}.Debug|Any CPU.Build.0 = Debug|Any CPU
		{0F825C36-4A8E-4AEA-8609-4116CD26A233}.Release|Any CPU.ActiveCfg = Release|Any CPU
		{0F825C36-4A8E-4AEA-8609-4116CD26A233}.Release|Any CPU.Build.0 = Release|Any CPU
		{DC7ABCE0-0B0F-4817-BFC3-18D914A6F0CA}.Debug|Any CPU.ActiveCfg = Debug|Any CPU
		{DC7ABCE0-0B0F-4817-BFC3-18D914A6F0CA}.Debug|Any CPU.Build.0 = Debug|Any CPU
		{DC7ABCE0-0B0F-4817-BFC3-18D914A6F0CA}.Release|Any CPU.ActiveCfg = Release|Any CPU
		{DC7ABCE0-0B0F-4817-BFC3-18D914A6F0CA}.Release|Any CPU.Build.0 = Release|Any CPU
		{8A763A7D-8184-4D3C-904B-7536E888AB9B}.Debug|Any CPU.ActiveCfg = Debug|Any CPU
		{8A763A7D-8184-4D3C-904B-7536E888AB9B}.Debug|Any CPU.Build.0 = Debug|Any CPU
		{8A763A7D-8184-4D3C-904B-7536E888AB9B}.Release|Any CPU.ActiveCfg = Release|Any CPU
		{8A763A7D-8184-4D3C-904B-7536E888AB9B}.Release|Any CPU.Build.0 = Release|Any CPU
		{887AD2A6-253B-4608-8936-C43A21BD8C3A}.Debug|Any CPU.ActiveCfg = Debug|Any CPU
		{887AD2A6-253B-4608-8936-C43A21BD8C3A}.Debug|Any CPU.Build.0 = Debug|Any CPU
		{887AD2A6-253B-4608-8936-C43A21BD8C3A}.Release|Any CPU.ActiveCfg = Release|Any CPU
		{887AD2A6-253B-4608-8936-C43A21BD8C3A}.Release|Any CPU.Build.0 = Release|Any CPU
		{680CD986-AE5A-4604-AFA3-B01A25EDABD8}.Debug|Any CPU.ActiveCfg = Debug|Any CPU
		{680CD986-AE5A-4604-AFA3-B01A25EDABD8}.Debug|Any CPU.Build.0 = Debug|Any CPU
		{680CD986-AE5A-4604-AFA3-B01A25EDABD8}.Release|Any CPU.ActiveCfg = Release|Any CPU
		{680CD986-AE5A-4604-AFA3-B01A25EDABD8}.Release|Any CPU.Build.0 = Release|Any CPU
		{78922072-A70C-4495-808C-B66D46FFD865}.Debug|Any CPU.ActiveCfg = Debug|Any CPU
		{78922072-A70C-4495-808C-B66D46FFD865}.Debug|Any CPU.Build.0 = Debug|Any CPU
		{78922072-A70C-4495-808C-B66D46FFD865}.Release|Any CPU.ActiveCfg = Release|Any CPU
		{78922072-A70C-4495-808C-B66D46FFD865}.Release|Any CPU.Build.0 = Release|Any CPU
	EndGlobalSection
	GlobalSection(SolutionProperties) = preSolution
		HideSolutionNode = FALSE
	EndGlobalSection
	GlobalSection(NestedProjects) = preSolution
		{C288DD14-D23B-4913-8EB7-B27B19202264} = {BC876773-B663-47AF-A8F0-BA2EA1BF00EB}
		{51D12675-1532-49A4-8DFC-D04A8055F359} = {0E69CFD1-7F5A-43AB-A4C4-C7AFE084AC1B}
		{0F825C36-4A8E-4AEA-8609-4116CD26A233} = {736908FD-B972-460A-AC2A-FED9A29CBA8D}
		{DC7ABCE0-0B0F-4817-BFC3-18D914A6F0CA} = {E5BC7F4E-0CE2-4FB2-8E37-C1DCA0724BF1}
		{8A763A7D-8184-4D3C-904B-7536E888AB9B} = {D89FAC12-3267-4161-96B7-37B9AFE78711}
		{887AD2A6-253B-4608-8936-C43A21BD8C3A} = {57F6A2D7-76E9-4847-8E5D-AF13541E3207}
		{680CD986-AE5A-4604-AFA3-B01A25EDABD8} = {AFAEA56E-1B94-4E33-AA12-2B1741EE60DB}
		{78922072-A70C-4495-808C-B66D46FFD865} = {E7BEA31E-AC59-43A0-A912-081080881E43}
	EndGlobalSection
	GlobalSection(ExtensibilityGlobals) = postSolution
		SolutionGuid = {199F59BC-8685-4E4F-B5F0-6AFE492037F9}
	EndGlobalSection
EndGlobal
